// !$*UTF8*$!
{
	archiveVersion = 1;
	classes = {
	};
	objectVersion = 51;
	objects = {

/* Begin PBXBuildFile section */
		087112FD4CD4EF4756B800D2 /* Pods_GLucenaTestTests.framework in Frameworks */ = {isa = PBXBuildFile; fileRef = 978CDCBF8B5114F226C0E64A /* Pods_GLucenaTestTests.framework */; };
		6F17671125214F920011CBE8 /* Transactions.json in Resources */ = {isa = PBXBuildFile; fileRef = 6F17671025214F920011CBE8 /* Transactions.json */; };
		6F1767182521586A0011CBE8 /* TransactionServerTests.swift in Sources */ = {isa = PBXBuildFile; fileRef = 6F1767172521586A0011CBE8 /* TransactionServerTests.swift */; };
		6F17671A252158BF0011CBE8 /* XCTestCaseExtensions.swift in Sources */ = {isa = PBXBuildFile; fileRef = 6F176719252158BF0011CBE8 /* XCTestCaseExtensions.swift */; };
		6F17671C25215AD90011CBE8 /* TransactionBuilderTests.swift in Sources */ = {isa = PBXBuildFile; fileRef = 6F17671B25215AD90011CBE8 /* TransactionBuilderTests.swift */; };
		6F17671E25215BDB0011CBE8 /* TransactionsPresenterTests.swift in Sources */ = {isa = PBXBuildFile; fileRef = 6F17671D25215BDB0011CBE8 /* TransactionsPresenterTests.swift */; };
		6F17672025215C420011CBE8 /* TransactionsViewMock.swift in Sources */ = {isa = PBXBuildFile; fileRef = 6F17671F25215C420011CBE8 /* TransactionsViewMock.swift */; };
		6F17672225215C4C0011CBE8 /* TransactionsCoordinatorMock.swift in Sources */ = {isa = PBXBuildFile; fileRef = 6F17672125215C4C0011CBE8 /* TransactionsCoordinatorMock.swift */; };
		6F2C32392521D7BD00459C8F /* TransactionTests.swift in Sources */ = {isa = PBXBuildFile; fileRef = 6F2C32382521D7BD00459C8F /* TransactionTests.swift */; };
		6F61F7B32520B736002E9F3F /* AppDelegate.swift in Sources */ = {isa = PBXBuildFile; fileRef = 6F61F7B22520B736002E9F3F /* AppDelegate.swift */; };
		6F61F7B52520B736002E9F3F /* SceneDelegate.swift in Sources */ = {isa = PBXBuildFile; fileRef = 6F61F7B42520B736002E9F3F /* SceneDelegate.swift */; };
		6F61F7BC2520B738002E9F3F /* Assets.xcassets in Resources */ = {isa = PBXBuildFile; fileRef = 6F61F7BB2520B738002E9F3F /* Assets.xcassets */; };
		6F61F7BF2520B738002E9F3F /* LaunchScreen.storyboard in Resources */ = {isa = PBXBuildFile; fileRef = 6F61F7BD2520B738002E9F3F /* LaunchScreen.storyboard */; };
		6F61F7DE2520BC38002E9F3F /* TransactionsViewController.swift in Sources */ = {isa = PBXBuildFile; fileRef = 6F61F7DD2520BC38002E9F3F /* TransactionsViewController.swift */; };
		6F61F7E02520BC3F002E9F3F /* TransactionsViewController.xib in Resources */ = {isa = PBXBuildFile; fileRef = 6F61F7DF2520BC3F002E9F3F /* TransactionsViewController.xib */; };
		6F61F7E22520BC4B002E9F3F /* TransactionsPresenter.swift in Sources */ = {isa = PBXBuildFile; fileRef = 6F61F7E12520BC4B002E9F3F /* TransactionsPresenter.swift */; };
		6F61F7E42520BD64002E9F3F /* TransactionsBuilder.swift in Sources */ = {isa = PBXBuildFile; fileRef = 6F61F7E32520BD64002E9F3F /* TransactionsBuilder.swift */; };
		6F61F7E62520BD86002E9F3F /* TransactionsUseCase.swift in Sources */ = {isa = PBXBuildFile; fileRef = 6F61F7E52520BD86002E9F3F /* TransactionsUseCase.swift */; };
		6F61F7E82520BD95002E9F3F /* TransactionsCoordinator.swift in Sources */ = {isa = PBXBuildFile; fileRef = 6F61F7E72520BD95002E9F3F /* TransactionsCoordinator.swift */; };
		6F61F7EC2520BDC3002E9F3F /* BaseBuilderProtocol.swift in Sources */ = {isa = PBXBuildFile; fileRef = 6F61F7EB2520BDC3002E9F3F /* BaseBuilderProtocol.swift */; };
		6F61F7F02520BE06002E9F3F /* Transition.swift in Sources */ = {isa = PBXBuildFile; fileRef = 6F61F7EF2520BE06002E9F3F /* Transition.swift */; };
		6F61F7F22520BED1002E9F3F /* BaseViewProtocol.swift in Sources */ = {isa = PBXBuildFile; fileRef = 6F61F7F12520BED1002E9F3F /* BaseViewProtocol.swift */; };
		6F61F7F42520BF8B002E9F3F /* BaseViewController.swift in Sources */ = {isa = PBXBuildFile; fileRef = 6F61F7F32520BF8B002E9F3F /* BaseViewController.swift */; };
		6F61F7F62520C61F002E9F3F /* BasePresenterProtocol.swift in Sources */ = {isa = PBXBuildFile; fileRef = 6F61F7F52520C61F002E9F3F /* BasePresenterProtocol.swift */; };
		6F61F7F82520C67D002E9F3F /* BaseCoordinatorProtocol.swift in Sources */ = {isa = PBXBuildFile; fileRef = 6F61F7F72520C67D002E9F3F /* BaseCoordinatorProtocol.swift */; };
		6F61F7FA2520C6FB002E9F3F /* BaseCoordinator.swift in Sources */ = {isa = PBXBuildFile; fileRef = 6F61F7F92520C6FB002E9F3F /* BaseCoordinator.swift */; };
		6F61F7FC2520C75B002E9F3F /* BasePresenter.swift in Sources */ = {isa = PBXBuildFile; fileRef = 6F61F7FB2520C75B002E9F3F /* BasePresenter.swift */; };
		6F61F8042520CC81002E9F3F /* Config.swift in Sources */ = {isa = PBXBuildFile; fileRef = 6F61F8032520CC81002E9F3F /* Config.swift */; };
		6F61F8072520D441002E9F3F /* NetworkManager.swift in Sources */ = {isa = PBXBuildFile; fileRef = 6F61F8062520D441002E9F3F /* NetworkManager.swift */; };
		6F61F8092520D55F002E9F3F /* TransactionsNetworkManager.swift in Sources */ = {isa = PBXBuildFile; fileRef = 6F61F8082520D55F002E9F3F /* TransactionsNetworkManager.swift */; };
		6F61F80C2520D59C002E9F3F /* TransactionTarget.swift in Sources */ = {isa = PBXBuildFile; fileRef = 6F61F80B2520D59C002E9F3F /* TransactionTarget.swift */; };
		6F61F80E2520D8A7002E9F3F /* Transaction.swift in Sources */ = {isa = PBXBuildFile; fileRef = 6F61F80D2520D8A7002E9F3F /* Transaction.swift */; };
		6F61F8112520D993002E9F3F /* BaseServerProtocol.swift in Sources */ = {isa = PBXBuildFile; fileRef = 6F61F8102520D993002E9F3F /* BaseServerProtocol.swift */; };
		6F61F8152520EB36002E9F3F /* DateFormatter+Extension.swift in Sources */ = {isa = PBXBuildFile; fileRef = 6F61F8142520EB36002E9F3F /* DateFormatter+Extension.swift */; };
		6F61F8172520EC33002E9F3F /* Date+Extensions.swift in Sources */ = {isa = PBXBuildFile; fileRef = 6F61F8162520EC33002E9F3F /* Date+Extensions.swift */; };
		6F61F81A2521044C002E9F3F /* TransactionsServer.swift in Sources */ = {isa = PBXBuildFile; fileRef = 6F61F8192521044C002E9F3F /* TransactionsServer.swift */; };
		6F61F81D252104B6002E9F3F /* BaseDataManager.swift in Sources */ = {isa = PBXBuildFile; fileRef = 6F61F81C252104B6002E9F3F /* BaseDataManager.swift */; };
		6F61F81F25210507002E9F3F /* ServerManagerError.swift in Sources */ = {isa = PBXBuildFile; fileRef = 6F61F81E25210507002E9F3F /* ServerManagerError.swift */; };
		6FBCBA1425210A0500D7C118 /* TransactionTableViewCell.swift in Sources */ = {isa = PBXBuildFile; fileRef = 6FBCBA1225210A0500D7C118 /* TransactionTableViewCell.swift */; };
		6FBCBA1525210A0500D7C118 /* TransactionTableViewCell.xib in Resources */ = {isa = PBXBuildFile; fileRef = 6FBCBA1325210A0500D7C118 /* TransactionTableViewCell.xib */; };
		6FBCBA1A2521140400D7C118 /* NumberFormatter+Currency.swift in Sources */ = {isa = PBXBuildFile; fileRef = 6FBCBA192521140400D7C118 /* NumberFormatter+Currency.swift */; };
		6FBCBA1C25212C8A00D7C118 /* UIColor+Extensions.swift in Sources */ = {isa = PBXBuildFile; fileRef = 6FBCBA1B25212C8A00D7C118 /* UIColor+Extensions.swift */; };
		6FBCBA1E25213FD300D7C118 /* AlertBuilder.swift in Sources */ = {isa = PBXBuildFile; fileRef = 6FBCBA1D25213FD300D7C118 /* AlertBuilder.swift */; };
		6FBCBA232521401D00D7C118 /* AlertPresenter.swift in Sources */ = {isa = PBXBuildFile; fileRef = 6FBCBA222521401D00D7C118 /* AlertPresenter.swift */; };
		6FBCBA252521403100D7C118 /* AlertViewController.swift in Sources */ = {isa = PBXBuildFile; fileRef = 6FBCBA242521403100D7C118 /* AlertViewController.swift */; };
		6FBCBA272521403800D7C118 /* AlertViewController.xib in Resources */ = {isa = PBXBuildFile; fileRef = 6FBCBA262521403800D7C118 /* AlertViewController.xib */; };
		6FBCBA292521404500D7C118 /* AlertCoordinator.swift in Sources */ = {isa = PBXBuildFile; fileRef = 6FBCBA282521404500D7C118 /* AlertCoordinator.swift */; };
		6FBCBA2C2521445200D7C118 /* AlertRoute.swift in Sources */ = {isa = PBXBuildFile; fileRef = 6FBCBA2B2521445200D7C118 /* AlertRoute.swift */; };
		6FBCBA2E2521449700D7C118 /* ModalTransition.swift in Sources */ = {isa = PBXBuildFile; fileRef = 6FBCBA2D2521449700D7C118 /* ModalTransition.swift */; };
		989FCD3D934E054B3172F3E0 /* Pods_GLucenaTest.framework in Frameworks */ = {isa = PBXBuildFile; fileRef = 867B448CABC38F83B6F0D63B /* Pods_GLucenaTest.framework */; };
/* End PBXBuildFile section */

/* Begin PBXContainerItemProxy section */
		6F61F7C62520B738002E9F3F /* PBXContainerItemProxy */ = {
			isa = PBXContainerItemProxy;
			containerPortal = 6F61F7A72520B736002E9F3F /* Project object */;
			proxyType = 1;
			remoteGlobalIDString = 6F61F7AE2520B736002E9F3F;
			remoteInfo = GLucenaTest;
		};
/* End PBXContainerItemProxy section */

/* Begin PBXFileReference section */
		21B5C474DBBD8831F374402F /* Pods-GLucenaTestTests.debug.xcconfig */ = {isa = PBXFileReference; includeInIndex = 1; lastKnownFileType = text.xcconfig; name = "Pods-GLucenaTestTests.debug.xcconfig"; path = "Target Support Files/Pods-GLucenaTestTests/Pods-GLucenaTestTests.debug.xcconfig"; sourceTree = "<group>"; };
		35F51F9D07D365063AD99A7C /* Pods-GLucenaTest.debug.xcconfig */ = {isa = PBXFileReference; includeInIndex = 1; lastKnownFileType = text.xcconfig; name = "Pods-GLucenaTest.debug.xcconfig"; path = "Target Support Files/Pods-GLucenaTest/Pods-GLucenaTest.debug.xcconfig"; sourceTree = "<group>"; };
		6F17671025214F920011CBE8 /* Transactions.json */ = {isa = PBXFileReference; lastKnownFileType = text.json; path = Transactions.json; sourceTree = "<group>"; };
		6F1767172521586A0011CBE8 /* TransactionServerTests.swift */ = {isa = PBXFileReference; lastKnownFileType = sourcecode.swift; path = TransactionServerTests.swift; sourceTree = "<group>"; };
		6F176719252158BF0011CBE8 /* XCTestCaseExtensions.swift */ = {isa = PBXFileReference; lastKnownFileType = sourcecode.swift; path = XCTestCaseExtensions.swift; sourceTree = "<group>"; };
		6F17671B25215AD90011CBE8 /* TransactionBuilderTests.swift */ = {isa = PBXFileReference; lastKnownFileType = sourcecode.swift; path = TransactionBuilderTests.swift; sourceTree = "<group>"; };
		6F17671D25215BDB0011CBE8 /* TransactionsPresenterTests.swift */ = {isa = PBXFileReference; lastKnownFileType = sourcecode.swift; path = TransactionsPresenterTests.swift; sourceTree = "<group>"; };
		6F17671F25215C420011CBE8 /* TransactionsViewMock.swift */ = {isa = PBXFileReference; lastKnownFileType = sourcecode.swift; path = TransactionsViewMock.swift; sourceTree = "<group>"; };
		6F17672125215C4C0011CBE8 /* TransactionsCoordinatorMock.swift */ = {isa = PBXFileReference; lastKnownFileType = sourcecode.swift; path = TransactionsCoordinatorMock.swift; sourceTree = "<group>"; };
		6F2C32382521D7BD00459C8F /* TransactionTests.swift */ = {isa = PBXFileReference; lastKnownFileType = sourcecode.swift; path = TransactionTests.swift; sourceTree = "<group>"; };
		6F61F7AF2520B736002E9F3F /* GLucenaTest.app */ = {isa = PBXFileReference; explicitFileType = wrapper.application; includeInIndex = 0; path = GLucenaTest.app; sourceTree = BUILT_PRODUCTS_DIR; };
		6F61F7B22520B736002E9F3F /* AppDelegate.swift */ = {isa = PBXFileReference; lastKnownFileType = sourcecode.swift; path = AppDelegate.swift; sourceTree = "<group>"; };
		6F61F7B42520B736002E9F3F /* SceneDelegate.swift */ = {isa = PBXFileReference; lastKnownFileType = sourcecode.swift; path = SceneDelegate.swift; sourceTree = "<group>"; };
		6F61F7BB2520B738002E9F3F /* Assets.xcassets */ = {isa = PBXFileReference; lastKnownFileType = folder.assetcatalog; path = Assets.xcassets; sourceTree = "<group>"; };
		6F61F7BE2520B738002E9F3F /* Base */ = {isa = PBXFileReference; lastKnownFileType = file.storyboard; name = Base; path = Base.lproj/LaunchScreen.storyboard; sourceTree = "<group>"; };
		6F61F7C02520B738002E9F3F /* Info.plist */ = {isa = PBXFileReference; lastKnownFileType = text.plist.xml; path = Info.plist; sourceTree = "<group>"; };
		6F61F7C52520B738002E9F3F /* GLucenaTestTests.xctest */ = {isa = PBXFileReference; explicitFileType = wrapper.cfbundle; includeInIndex = 0; path = GLucenaTestTests.xctest; sourceTree = BUILT_PRODUCTS_DIR; };
		6F61F7CB2520B738002E9F3F /* Info.plist */ = {isa = PBXFileReference; lastKnownFileType = text.plist.xml; path = Info.plist; sourceTree = "<group>"; };
		6F61F7DD2520BC38002E9F3F /* TransactionsViewController.swift */ = {isa = PBXFileReference; lastKnownFileType = sourcecode.swift; path = TransactionsViewController.swift; sourceTree = "<group>"; };
		6F61F7DF2520BC3F002E9F3F /* TransactionsViewController.xib */ = {isa = PBXFileReference; lastKnownFileType = file.xib; path = TransactionsViewController.xib; sourceTree = "<group>"; };
		6F61F7E12520BC4B002E9F3F /* TransactionsPresenter.swift */ = {isa = PBXFileReference; lastKnownFileType = sourcecode.swift; path = TransactionsPresenter.swift; sourceTree = "<group>"; };
		6F61F7E32520BD64002E9F3F /* TransactionsBuilder.swift */ = {isa = PBXFileReference; lastKnownFileType = sourcecode.swift; path = TransactionsBuilder.swift; sourceTree = "<group>"; };
		6F61F7E52520BD86002E9F3F /* TransactionsUseCase.swift */ = {isa = PBXFileReference; lastKnownFileType = sourcecode.swift; path = TransactionsUseCase.swift; sourceTree = "<group>"; };
		6F61F7E72520BD95002E9F3F /* TransactionsCoordinator.swift */ = {isa = PBXFileReference; lastKnownFileType = sourcecode.swift; path = TransactionsCoordinator.swift; sourceTree = "<group>"; };
		6F61F7EB2520BDC3002E9F3F /* BaseBuilderProtocol.swift */ = {isa = PBXFileReference; lastKnownFileType = sourcecode.swift; path = BaseBuilderProtocol.swift; sourceTree = "<group>"; };
		6F61F7EF2520BE06002E9F3F /* Transition.swift */ = {isa = PBXFileReference; lastKnownFileType = sourcecode.swift; path = Transition.swift; sourceTree = "<group>"; };
		6F61F7F12520BED1002E9F3F /* BaseViewProtocol.swift */ = {isa = PBXFileReference; lastKnownFileType = sourcecode.swift; path = BaseViewProtocol.swift; sourceTree = "<group>"; };
		6F61F7F32520BF8B002E9F3F /* BaseViewController.swift */ = {isa = PBXFileReference; lastKnownFileType = sourcecode.swift; path = BaseViewController.swift; sourceTree = "<group>"; };
		6F61F7F52520C61F002E9F3F /* BasePresenterProtocol.swift */ = {isa = PBXFileReference; lastKnownFileType = sourcecode.swift; path = BasePresenterProtocol.swift; sourceTree = "<group>"; };
		6F61F7F72520C67D002E9F3F /* BaseCoordinatorProtocol.swift */ = {isa = PBXFileReference; lastKnownFileType = sourcecode.swift; path = BaseCoordinatorProtocol.swift; sourceTree = "<group>"; };
		6F61F7F92520C6FB002E9F3F /* BaseCoordinator.swift */ = {isa = PBXFileReference; lastKnownFileType = sourcecode.swift; path = BaseCoordinator.swift; sourceTree = "<group>"; };
		6F61F7FB2520C75B002E9F3F /* BasePresenter.swift */ = {isa = PBXFileReference; lastKnownFileType = sourcecode.swift; path = BasePresenter.swift; sourceTree = "<group>"; };
		6F61F8032520CC81002E9F3F /* Config.swift */ = {isa = PBXFileReference; lastKnownFileType = sourcecode.swift; path = Config.swift; sourceTree = "<group>"; };
		6F61F8062520D441002E9F3F /* NetworkManager.swift */ = {isa = PBXFileReference; lastKnownFileType = sourcecode.swift; path = NetworkManager.swift; sourceTree = "<group>"; };
		6F61F8082520D55F002E9F3F /* TransactionsNetworkManager.swift */ = {isa = PBXFileReference; lastKnownFileType = sourcecode.swift; path = TransactionsNetworkManager.swift; sourceTree = "<group>"; };
		6F61F80B2520D59C002E9F3F /* TransactionTarget.swift */ = {isa = PBXFileReference; lastKnownFileType = sourcecode.swift; path = TransactionTarget.swift; sourceTree = "<group>"; };
		6F61F80D2520D8A7002E9F3F /* Transaction.swift */ = {isa = PBXFileReference; lastKnownFileType = sourcecode.swift; path = Transaction.swift; sourceTree = "<group>"; };
		6F61F8102520D993002E9F3F /* BaseServerProtocol.swift */ = {isa = PBXFileReference; lastKnownFileType = sourcecode.swift; path = BaseServerProtocol.swift; sourceTree = "<group>"; };
		6F61F8142520EB36002E9F3F /* DateFormatter+Extension.swift */ = {isa = PBXFileReference; lastKnownFileType = sourcecode.swift; path = "DateFormatter+Extension.swift"; sourceTree = "<group>"; };
		6F61F8162520EC33002E9F3F /* Date+Extensions.swift */ = {isa = PBXFileReference; lastKnownFileType = sourcecode.swift; path = "Date+Extensions.swift"; sourceTree = "<group>"; };
		6F61F8192521044C002E9F3F /* TransactionsServer.swift */ = {isa = PBXFileReference; lastKnownFileType = sourcecode.swift; path = TransactionsServer.swift; sourceTree = "<group>"; };
		6F61F81C252104B6002E9F3F /* BaseDataManager.swift */ = {isa = PBXFileReference; lastKnownFileType = sourcecode.swift; path = BaseDataManager.swift; sourceTree = "<group>"; };
		6F61F81E25210507002E9F3F /* ServerManagerError.swift */ = {isa = PBXFileReference; lastKnownFileType = sourcecode.swift; path = ServerManagerError.swift; sourceTree = "<group>"; };
		6FBCBA1225210A0500D7C118 /* TransactionTableViewCell.swift */ = {isa = PBXFileReference; lastKnownFileType = sourcecode.swift; path = TransactionTableViewCell.swift; sourceTree = "<group>"; };
		6FBCBA1325210A0500D7C118 /* TransactionTableViewCell.xib */ = {isa = PBXFileReference; lastKnownFileType = file.xib; path = TransactionTableViewCell.xib; sourceTree = "<group>"; };
		6FBCBA192521140400D7C118 /* NumberFormatter+Currency.swift */ = {isa = PBXFileReference; lastKnownFileType = sourcecode.swift; path = "NumberFormatter+Currency.swift"; sourceTree = "<group>"; };
		6FBCBA1B25212C8A00D7C118 /* UIColor+Extensions.swift */ = {isa = PBXFileReference; lastKnownFileType = sourcecode.swift; path = "UIColor+Extensions.swift"; sourceTree = "<group>"; };
		6FBCBA1D25213FD300D7C118 /* AlertBuilder.swift */ = {isa = PBXFileReference; lastKnownFileType = sourcecode.swift; path = AlertBuilder.swift; sourceTree = "<group>"; };
		6FBCBA222521401D00D7C118 /* AlertPresenter.swift */ = {isa = PBXFileReference; lastKnownFileType = sourcecode.swift; path = AlertPresenter.swift; sourceTree = "<group>"; };
		6FBCBA242521403100D7C118 /* AlertViewController.swift */ = {isa = PBXFileReference; lastKnownFileType = sourcecode.swift; path = AlertViewController.swift; sourceTree = "<group>"; };
		6FBCBA262521403800D7C118 /* AlertViewController.xib */ = {isa = PBXFileReference; lastKnownFileType = file.xib; path = AlertViewController.xib; sourceTree = "<group>"; };
		6FBCBA282521404500D7C118 /* AlertCoordinator.swift */ = {isa = PBXFileReference; lastKnownFileType = sourcecode.swift; path = AlertCoordinator.swift; sourceTree = "<group>"; };
		6FBCBA2B2521445200D7C118 /* AlertRoute.swift */ = {isa = PBXFileReference; lastKnownFileType = sourcecode.swift; path = AlertRoute.swift; sourceTree = "<group>"; };
		6FBCBA2D2521449700D7C118 /* ModalTransition.swift */ = {isa = PBXFileReference; lastKnownFileType = sourcecode.swift; path = ModalTransition.swift; sourceTree = "<group>"; };
		74A220C1527D06433C7EB523 /* Pods-GLucenaTestTests.release.xcconfig */ = {isa = PBXFileReference; includeInIndex = 1; lastKnownFileType = text.xcconfig; name = "Pods-GLucenaTestTests.release.xcconfig"; path = "Target Support Files/Pods-GLucenaTestTests/Pods-GLucenaTestTests.release.xcconfig"; sourceTree = "<group>"; };
		867B448CABC38F83B6F0D63B /* Pods_GLucenaTest.framework */ = {isa = PBXFileReference; explicitFileType = wrapper.framework; includeInIndex = 0; path = Pods_GLucenaTest.framework; sourceTree = BUILT_PRODUCTS_DIR; };
		978CDCBF8B5114F226C0E64A /* Pods_GLucenaTestTests.framework */ = {isa = PBXFileReference; explicitFileType = wrapper.framework; includeInIndex = 0; path = Pods_GLucenaTestTests.framework; sourceTree = BUILT_PRODUCTS_DIR; };
		A4341C9953DE2E9FD258C0A4 /* Pods-GLucenaTest.release.xcconfig */ = {isa = PBXFileReference; includeInIndex = 1; lastKnownFileType = text.xcconfig; name = "Pods-GLucenaTest.release.xcconfig"; path = "Target Support Files/Pods-GLucenaTest/Pods-GLucenaTest.release.xcconfig"; sourceTree = "<group>"; };
/* End PBXFileReference section */

/* Begin PBXFrameworksBuildPhase section */
		6F61F7AC2520B736002E9F3F /* Frameworks */ = {
			isa = PBXFrameworksBuildPhase;
			buildActionMask = 2147483647;
			files = (
				989FCD3D934E054B3172F3E0 /* Pods_GLucenaTest.framework in Frameworks */,
			);
			runOnlyForDeploymentPostprocessing = 0;
		};
		6F61F7C22520B738002E9F3F /* Frameworks */ = {
			isa = PBXFrameworksBuildPhase;
			buildActionMask = 2147483647;
			files = (
				087112FD4CD4EF4756B800D2 /* Pods_GLucenaTestTests.framework in Frameworks */,
			);
			runOnlyForDeploymentPostprocessing = 0;
		};
/* End PBXFrameworksBuildPhase section */

/* Begin PBXGroup section */
		68DDE02C63A98AFB5F10A7C6 /* Frameworks */ = {
			isa = PBXGroup;
			children = (
				867B448CABC38F83B6F0D63B /* Pods_GLucenaTest.framework */,
				978CDCBF8B5114F226C0E64A /* Pods_GLucenaTestTests.framework */,
			);
			name = Frameworks;
			sourceTree = "<group>";
		};
		6F17670C25214F4C0011CBE8 /* Mock */ = {
			isa = PBXGroup;
			children = (
				6F17672325215CD80011CBE8 /* TransactionsMock */,
			);
			path = Mock;
			sourceTree = "<group>";
		};
		6F17670D25214F500011CBE8 /* Data */ = {
			isa = PBXGroup;
			children = (
				6F17670E25214F5F0011CBE8 /* NetworkManager */,
				6F2C32382521D7BD00459C8F /* TransactionTests.swift */,
			);
			path = Data;
			sourceTree = "<group>";
		};
		6F17670E25214F5F0011CBE8 /* NetworkManager */ = {
			isa = PBXGroup;
			children = (
				6F1767162521585C0011CBE8 /* Server */,
				6F17670F25214F7C0011CBE8 /* Jsons */,
			);
			path = NetworkManager;
			sourceTree = "<group>";
		};
		6F17670F25214F7C0011CBE8 /* Jsons */ = {
			isa = PBXGroup;
			children = (
				6F17671025214F920011CBE8 /* Transactions.json */,
			);
			path = Jsons;
			sourceTree = "<group>";
		};
		6F176712252154170011CBE8 /* Modules */ = {
			isa = PBXGroup;
			children = (
				6F1767132521541E0011CBE8 /* Transactions */,
			);
			path = Modules;
			sourceTree = "<group>";
		};
		6F1767132521541E0011CBE8 /* Transactions */ = {
			isa = PBXGroup;
			children = (
				6F17671B25215AD90011CBE8 /* TransactionBuilderTests.swift */,
				6F17671D25215BDB0011CBE8 /* TransactionsPresenterTests.swift */,
			);
			path = Transactions;
			sourceTree = "<group>";
		};
		6F1767162521585C0011CBE8 /* Server */ = {
			isa = PBXGroup;
			children = (
				6F1767172521586A0011CBE8 /* TransactionServerTests.swift */,
			);
			path = Server;
			sourceTree = "<group>";
		};
		6F17672325215CD80011CBE8 /* TransactionsMock */ = {
			isa = PBXGroup;
			children = (
				6F17671F25215C420011CBE8 /* TransactionsViewMock.swift */,
				6F17672125215C4C0011CBE8 /* TransactionsCoordinatorMock.swift */,
			);
			path = TransactionsMock;
			sourceTree = "<group>";
		};
		6F61F7A62520B736002E9F3F = {
			isa = PBXGroup;
			children = (
				6F61F7B12520B736002E9F3F /* GLucenaTest */,
				6F61F7C82520B738002E9F3F /* GLucenaTestTests */,
				6F61F7B02520B736002E9F3F /* Products */,
				E79524D5D3087ED32F935F08 /* Pods */,
				68DDE02C63A98AFB5F10A7C6 /* Frameworks */,
			);
			sourceTree = "<group>";
		};
		6F61F7B02520B736002E9F3F /* Products */ = {
			isa = PBXGroup;
			children = (
				6F61F7AF2520B736002E9F3F /* GLucenaTest.app */,
				6F61F7C52520B738002E9F3F /* GLucenaTestTests.xctest */,
			);
			name = Products;
			sourceTree = "<group>";
		};
		6F61F7B12520B736002E9F3F /* GLucenaTest */ = {
			isa = PBXGroup;
			children = (
				6F61F7B22520B736002E9F3F /* AppDelegate.swift */,
				6F61F7B42520B736002E9F3F /* SceneDelegate.swift */,
				6F61F7D42520BBC9002E9F3F /* Communications */,
				6F61F7D52520BBDB002E9F3F /* Domain */,
				6F61F7D92520BC05002E9F3F /* Modules */,
				6F61F7ED2520BDF4002E9F3F /* Coordinator */,
				6F61F8122520EB1C002E9F3F /* Utilis */,
				6F61F7BB2520B738002E9F3F /* Assets.xcassets */,
				6F61F7BD2520B738002E9F3F /* LaunchScreen.storyboard */,
				6F61F7C02520B738002E9F3F /* Info.plist */,
			);
			path = GLucenaTest;
			sourceTree = "<group>";
		};
		6F61F7C82520B738002E9F3F /* GLucenaTestTests */ = {
			isa = PBXGroup;
			children = (
				6F176719252158BF0011CBE8 /* XCTestCaseExtensions.swift */,
				6F176712252154170011CBE8 /* Modules */,
				6F17670D25214F500011CBE8 /* Data */,
				6F17670C25214F4C0011CBE8 /* Mock */,
				6F61F7CB2520B738002E9F3F /* Info.plist */,
			);
			path = GLucenaTestTests;
			sourceTree = "<group>";
		};
		6F61F7D42520BBC9002E9F3F /* Communications */ = {
			isa = PBXGroup;
			children = (
				6F61F80F2520D986002E9F3F /* Common */,
				6F61F7D72520BBEC002E9F3F /* NetworkManager */,
			);
			path = Communications;
			sourceTree = "<group>";
		};
		6F61F7D52520BBDB002E9F3F /* Domain */ = {
			isa = PBXGroup;
			children = (
				6F61F7D62520BBE0002E9F3F /* Model */,
			);
			path = Domain;
			sourceTree = "<group>";
		};
		6F61F7D62520BBE0002E9F3F /* Model */ = {
			isa = PBXGroup;
			children = (
				6F61F80D2520D8A7002E9F3F /* Transaction.swift */,
			);
			path = Model;
			sourceTree = "<group>";
		};
		6F61F7D72520BBEC002E9F3F /* NetworkManager */ = {
			isa = PBXGroup;
			children = (
				6F61F80A2520D590002E9F3F /* Targets */,
				6F61F8062520D441002E9F3F /* NetworkManager.swift */,
				6F61F7D82520BBF4002E9F3F /* NetworkManagers */,
			);
			path = NetworkManager;
			sourceTree = "<group>";
		};
		6F61F7D82520BBF4002E9F3F /* NetworkManagers */ = {
			isa = PBXGroup;
			children = (
				6F61F8082520D55F002E9F3F /* TransactionsNetworkManager.swift */,
			);
			path = NetworkManagers;
			sourceTree = "<group>";
		};
		6F61F7D92520BC05002E9F3F /* Modules */ = {
			isa = PBXGroup;
			children = (
				6F61F7E92520BDAC002E9F3F /* Common */,
				6F61F7DA2520BC0A002E9F3F /* Transactions */,
			);
			path = Modules;
			sourceTree = "<group>";
		};
		6F61F7DA2520BC0A002E9F3F /* Transactions */ = {
			isa = PBXGroup;
			children = (
				6F61F7E32520BD64002E9F3F /* TransactionsBuilder.swift */,
				6F61F81825210439002E9F3F /* UseCase */,
				6F61F7DC2520BC15002E9F3F /* Presenter */,
				6F61F7DB2520BC12002E9F3F /* View */,
				6FBCBA0F252109B900D7C118 /* Coordinator */,
			);
			path = Transactions;
			sourceTree = "<group>";
		};
		6F61F7DB2520BC12002E9F3F /* View */ = {
			isa = PBXGroup;
			children = (
				6FBCBA11252109F000D7C118 /* Cells */,
				6F61F7DD2520BC38002E9F3F /* TransactionsViewController.swift */,
				6F61F7DF2520BC3F002E9F3F /* TransactionsViewController.xib */,
			);
			path = View;
			sourceTree = "<group>";
		};
		6F61F7DC2520BC15002E9F3F /* Presenter */ = {
			isa = PBXGroup;
			children = (
				6F61F7E12520BC4B002E9F3F /* TransactionsPresenter.swift */,
			);
			path = Presenter;
			sourceTree = "<group>";
		};
		6F61F7E92520BDAC002E9F3F /* Common */ = {
			isa = PBXGroup;
			children = (
				6F61F8052520CF7D002E9F3F /* CommonAlert */,
				6F61F7EA2520BDB5002E9F3F /* Base */,
			);
			path = Common;
			sourceTree = "<group>";
		};
		6F61F7EA2520BDB5002E9F3F /* Base */ = {
			isa = PBXGroup;
			children = (
				6F61F81B252104AE002E9F3F /* DataManager */,
				6F61F8002520CAD0002E9F3F /* View */,
				6F61F7FE2520CABD002E9F3F /* Builder */,
				6F61F7FD2520CAB7002E9F3F /* Presenter */,
			);
			path = Base;
			sourceTree = "<group>";
		};
		6F61F7ED2520BDF4002E9F3F /* Coordinator */ = {
			isa = PBXGroup;
			children = (
				6FBCBA2A2521440200D7C118 /* Coordinators */,
				6F61F7F92520C6FB002E9F3F /* BaseCoordinator.swift */,
				6F61F7F72520C67D002E9F3F /* BaseCoordinatorProtocol.swift */,
				6F61F7EF2520BE06002E9F3F /* Transition.swift */,
				6FBCBA2D2521449700D7C118 /* ModalTransition.swift */,
			);
			path = Coordinator;
			sourceTree = "<group>";
		};
		6F61F7FD2520CAB7002E9F3F /* Presenter */ = {
			isa = PBXGroup;
			children = (
				6F61F7FB2520C75B002E9F3F /* BasePresenter.swift */,
				6F61F7F52520C61F002E9F3F /* BasePresenterProtocol.swift */,
			);
			path = Presenter;
			sourceTree = "<group>";
		};
		6F61F7FE2520CABD002E9F3F /* Builder */ = {
			isa = PBXGroup;
			children = (
				6F61F7EB2520BDC3002E9F3F /* BaseBuilderProtocol.swift */,
			);
			path = Builder;
			sourceTree = "<group>";
		};
		6F61F8002520CAD0002E9F3F /* View */ = {
			isa = PBXGroup;
			children = (
				6F61F7F32520BF8B002E9F3F /* BaseViewController.swift */,
				6F61F7F12520BED1002E9F3F /* BaseViewProtocol.swift */,
			);
			path = View;
			sourceTree = "<group>";
		};
		6F61F8012520CC5C002E9F3F /* Configuration */ = {
			isa = PBXGroup;
			children = (
				6F61F8032520CC81002E9F3F /* Config.swift */,
			);
			path = Configuration;
			sourceTree = "<group>";
		};
		6F61F8052520CF7D002E9F3F /* CommonAlert */ = {
			isa = PBXGroup;
			children = (
				6FBCBA1D25213FD300D7C118 /* AlertBuilder.swift */,
				6FBCBA1F25213FD900D7C118 /* Presenter */,
				6FBCBA2025213FF900D7C118 /* View */,
				6FBCBA212521400500D7C118 /* Coordinator */,
			);
			path = CommonAlert;
			sourceTree = "<group>";
		};
		6F61F80A2520D590002E9F3F /* Targets */ = {
			isa = PBXGroup;
			children = (
				6F61F80B2520D59C002E9F3F /* TransactionTarget.swift */,
			);
			path = Targets;
			sourceTree = "<group>";
		};
		6F61F80F2520D986002E9F3F /* Common */ = {
			isa = PBXGroup;
			children = (
				6F61F8102520D993002E9F3F /* BaseServerProtocol.swift */,
			);
			path = Common;
			sourceTree = "<group>";
		};
		6F61F8122520EB1C002E9F3F /* Utilis */ = {
			isa = PBXGroup;
			children = (
				6F61F8012520CC5C002E9F3F /* Configuration */,
				6F61F8132520EB23002E9F3F /* Extensions */,
			);
			path = Utilis;
			sourceTree = "<group>";
		};
		6F61F8132520EB23002E9F3F /* Extensions */ = {
			isa = PBXGroup;
			children = (
				6F61F8142520EB36002E9F3F /* DateFormatter+Extension.swift */,
				6F61F8162520EC33002E9F3F /* Date+Extensions.swift */,
				6FBCBA192521140400D7C118 /* NumberFormatter+Currency.swift */,
				6FBCBA1B25212C8A00D7C118 /* UIColor+Extensions.swift */,
			);
			path = Extensions;
			sourceTree = "<group>";
		};
		6F61F81825210439002E9F3F /* UseCase */ = {
			isa = PBXGroup;
			children = (
				6F61F7E52520BD86002E9F3F /* TransactionsUseCase.swift */,
				6F61F8192521044C002E9F3F /* TransactionsServer.swift */,
			);
			path = UseCase;
			sourceTree = "<group>";
		};
		6F61F81B252104AE002E9F3F /* DataManager */ = {
			isa = PBXGroup;
			children = (
				6F61F81C252104B6002E9F3F /* BaseDataManager.swift */,
				6F61F81E25210507002E9F3F /* ServerManagerError.swift */,
			);
			path = DataManager;
			sourceTree = "<group>";
		};
		6FBCBA0F252109B900D7C118 /* Coordinator */ = {
			isa = PBXGroup;
			children = (
				6F61F7E72520BD95002E9F3F /* TransactionsCoordinator.swift */,
			);
			path = Coordinator;
			sourceTree = "<group>";
		};
		6FBCBA11252109F000D7C118 /* Cells */ = {
			isa = PBXGroup;
			children = (
				6FBCBA1225210A0500D7C118 /* TransactionTableViewCell.swift */,
				6FBCBA1325210A0500D7C118 /* TransactionTableViewCell.xib */,
			);
			path = Cells;
			sourceTree = "<group>";
		};
		6FBCBA1F25213FD900D7C118 /* Presenter */ = {
			isa = PBXGroup;
			children = (
				6FBCBA222521401D00D7C118 /* AlertPresenter.swift */,
			);
			path = Presenter;
			sourceTree = "<group>";
		};
		6FBCBA2025213FF900D7C118 /* View */ = {
			isa = PBXGroup;
			children = (
				6FBCBA242521403100D7C118 /* AlertViewController.swift */,
				6FBCBA262521403800D7C118 /* AlertViewController.xib */,
			);
			path = View;
			sourceTree = "<group>";
		};
		6FBCBA212521400500D7C118 /* Coordinator */ = {
			isa = PBXGroup;
			children = (
				6FBCBA282521404500D7C118 /* AlertCoordinator.swift */,
			);
			path = Coordinator;
			sourceTree = "<group>";
		};
		6FBCBA2A2521440200D7C118 /* Coordinators */ = {
			isa = PBXGroup;
			children = (
				6FBCBA2B2521445200D7C118 /* AlertRoute.swift */,
			);
			path = Coordinators;
			sourceTree = "<group>";
		};
		E79524D5D3087ED32F935F08 /* Pods */ = {
			isa = PBXGroup;
			children = (
				35F51F9D07D365063AD99A7C /* Pods-GLucenaTest.debug.xcconfig */,
				A4341C9953DE2E9FD258C0A4 /* Pods-GLucenaTest.release.xcconfig */,
				21B5C474DBBD8831F374402F /* Pods-GLucenaTestTests.debug.xcconfig */,
				74A220C1527D06433C7EB523 /* Pods-GLucenaTestTests.release.xcconfig */,
			);
			path = Pods;
			sourceTree = "<group>";
		};
/* End PBXGroup section */

/* Begin PBXNativeTarget section */
		6F61F7AE2520B736002E9F3F /* GLucenaTest */ = {
			isa = PBXNativeTarget;
			buildConfigurationList = 6F61F7CE2520B738002E9F3F /* Build configuration list for PBXNativeTarget "GLucenaTest" */;
			buildPhases = (
				6A86D165BEA49D01990D28F7 /* [CP] Check Pods Manifest.lock */,
				6F61F7AB2520B736002E9F3F /* Sources */,
				6F61F7AC2520B736002E9F3F /* Frameworks */,
				6F61F7AD2520B736002E9F3F /* Resources */,
				512FB544B77A397AC0ACDF86 /* [CP] Embed Pods Frameworks */,
			);
			buildRules = (
			);
			dependencies = (
			);
			name = GLucenaTest;
			productName = GLucenaTest;
			productReference = 6F61F7AF2520B736002E9F3F /* GLucenaTest.app */;
			productType = "com.apple.product-type.application";
		};
		6F61F7C42520B738002E9F3F /* GLucenaTestTests */ = {
			isa = PBXNativeTarget;
			buildConfigurationList = 6F61F7D12520B738002E9F3F /* Build configuration list for PBXNativeTarget "GLucenaTestTests" */;
			buildPhases = (
				589AA3E67B4A31AAB10E17E8 /* [CP] Check Pods Manifest.lock */,
				6F61F7C12520B738002E9F3F /* Sources */,
				6F61F7C22520B738002E9F3F /* Frameworks */,
				6F61F7C32520B738002E9F3F /* Resources */,
				4FC553C223843C6931D12614 /* [CP] Embed Pods Frameworks */,
			);
			buildRules = (
			);
			dependencies = (
				6F61F7C72520B738002E9F3F /* PBXTargetDependency */,
			);
			name = GLucenaTestTests;
			productName = GLucenaTestTests;
			productReference = 6F61F7C52520B738002E9F3F /* GLucenaTestTests.xctest */;
			productType = "com.apple.product-type.bundle.unit-test";
		};
/* End PBXNativeTarget section */

/* Begin PBXProject section */
		6F61F7A72520B736002E9F3F /* Project object */ = {
			isa = PBXProject;
			attributes = {
				LastSwiftUpdateCheck = 1150;
				LastUpgradeCheck = 1150;
				ORGANIZATIONNAME = Graciela;
				TargetAttributes = {
					6F61F7AE2520B736002E9F3F = {
						CreatedOnToolsVersion = 11.5;
					};
					6F61F7C42520B738002E9F3F = {
						CreatedOnToolsVersion = 11.5;
						LastSwiftMigration = 1150;
						TestTargetID = 6F61F7AE2520B736002E9F3F;
					};
				};
			};
			buildConfigurationList = 6F61F7AA2520B736002E9F3F /* Build configuration list for PBXProject "GLucenaTest" */;
			compatibilityVersion = "Xcode 9.3";
			developmentRegion = en;
			hasScannedForEncodings = 0;
			knownRegions = (
				en,
				Base,
			);
			mainGroup = 6F61F7A62520B736002E9F3F;
			productRefGroup = 6F61F7B02520B736002E9F3F /* Products */;
			projectDirPath = "";
			projectRoot = "";
			targets = (
				6F61F7AE2520B736002E9F3F /* GLucenaTest */,
				6F61F7C42520B738002E9F3F /* GLucenaTestTests */,
			);
		};
/* End PBXProject section */

/* Begin PBXResourcesBuildPhase section */
		6F61F7AD2520B736002E9F3F /* Resources */ = {
			isa = PBXResourcesBuildPhase;
			buildActionMask = 2147483647;
			files = (
				6F61F7BF2520B738002E9F3F /* LaunchScreen.storyboard in Resources */,
				6F61F7BC2520B738002E9F3F /* Assets.xcassets in Resources */,
				6FBCBA1525210A0500D7C118 /* TransactionTableViewCell.xib in Resources */,
				6F61F7E02520BC3F002E9F3F /* TransactionsViewController.xib in Resources */,
				6FBCBA272521403800D7C118 /* AlertViewController.xib in Resources */,
			);
			runOnlyForDeploymentPostprocessing = 0;
		};
		6F61F7C32520B738002E9F3F /* Resources */ = {
			isa = PBXResourcesBuildPhase;
			buildActionMask = 2147483647;
			files = (
				6F17671125214F920011CBE8 /* Transactions.json in Resources */,
			);
			runOnlyForDeploymentPostprocessing = 0;
		};
/* End PBXResourcesBuildPhase section */

/* Begin PBXShellScriptBuildPhase section */
		4FC553C223843C6931D12614 /* [CP] Embed Pods Frameworks */ = {
			isa = PBXShellScriptBuildPhase;
			buildActionMask = 2147483647;
			files = (
			);
			inputFileListPaths = (
				"${PODS_ROOT}/Target Support Files/Pods-GLucenaTestTests/Pods-GLucenaTestTests-frameworks-${CONFIGURATION}-input-files.xcfilelist",
			);
			name = "[CP] Embed Pods Frameworks";
			outputFileListPaths = (
				"${PODS_ROOT}/Target Support Files/Pods-GLucenaTestTests/Pods-GLucenaTestTests-frameworks-${CONFIGURATION}-output-files.xcfilelist",
			);
			runOnlyForDeploymentPostprocessing = 0;
			shellPath = /bin/sh;
			shellScript = "\"${PODS_ROOT}/Target Support Files/Pods-GLucenaTestTests/Pods-GLucenaTestTests-frameworks.sh\"\n";
			showEnvVarsInLog = 0;
		};
		512FB544B77A397AC0ACDF86 /* [CP] Embed Pods Frameworks */ = {
			isa = PBXShellScriptBuildPhase;
			buildActionMask = 2147483647;
			files = (
			);
			inputFileListPaths = (
				"${PODS_ROOT}/Target Support Files/Pods-GLucenaTest/Pods-GLucenaTest-frameworks-${CONFIGURATION}-input-files.xcfilelist",
			);
			name = "[CP] Embed Pods Frameworks";
			outputFileListPaths = (
				"${PODS_ROOT}/Target Support Files/Pods-GLucenaTest/Pods-GLucenaTest-frameworks-${CONFIGURATION}-output-files.xcfilelist",
			);
			runOnlyForDeploymentPostprocessing = 0;
			shellPath = /bin/sh;
			shellScript = "\"${PODS_ROOT}/Target Support Files/Pods-GLucenaTest/Pods-GLucenaTest-frameworks.sh\"\n";
			showEnvVarsInLog = 0;
		};
		589AA3E67B4A31AAB10E17E8 /* [CP] Check Pods Manifest.lock */ = {
			isa = PBXShellScriptBuildPhase;
			buildActionMask = 2147483647;
			files = (
			);
			inputFileListPaths = (
			);
			inputPaths = (
				"${PODS_PODFILE_DIR_PATH}/Podfile.lock",
				"${PODS_ROOT}/Manifest.lock",
			);
			name = "[CP] Check Pods Manifest.lock";
			outputFileListPaths = (
			);
			outputPaths = (
				"$(DERIVED_FILE_DIR)/Pods-GLucenaTestTests-checkManifestLockResult.txt",
			);
			runOnlyForDeploymentPostprocessing = 0;
			shellPath = /bin/sh;
			shellScript = "diff \"${PODS_PODFILE_DIR_PATH}/Podfile.lock\" \"${PODS_ROOT}/Manifest.lock\" > /dev/null\nif [ $? != 0 ] ; then\n    # print error to STDERR\n    echo \"error: The sandbox is not in sync with the Podfile.lock. Run 'pod install' or update your CocoaPods installation.\" >&2\n    exit 1\nfi\n# This output is used by Xcode 'outputs' to avoid re-running this script phase.\necho \"SUCCESS\" > \"${SCRIPT_OUTPUT_FILE_0}\"\n";
			showEnvVarsInLog = 0;
		};
		6A86D165BEA49D01990D28F7 /* [CP] Check Pods Manifest.lock */ = {
			isa = PBXShellScriptBuildPhase;
			buildActionMask = 2147483647;
			files = (
			);
			inputFileListPaths = (
			);
			inputPaths = (
				"${PODS_PODFILE_DIR_PATH}/Podfile.lock",
				"${PODS_ROOT}/Manifest.lock",
			);
			name = "[CP] Check Pods Manifest.lock";
			outputFileListPaths = (
			);
			outputPaths = (
				"$(DERIVED_FILE_DIR)/Pods-GLucenaTest-checkManifestLockResult.txt",
			);
			runOnlyForDeploymentPostprocessing = 0;
			shellPath = /bin/sh;
			shellScript = "diff \"${PODS_PODFILE_DIR_PATH}/Podfile.lock\" \"${PODS_ROOT}/Manifest.lock\" > /dev/null\nif [ $? != 0 ] ; then\n    # print error to STDERR\n    echo \"error: The sandbox is not in sync with the Podfile.lock. Run 'pod install' or update your CocoaPods installation.\" >&2\n    exit 1\nfi\n# This output is used by Xcode 'outputs' to avoid re-running this script phase.\necho \"SUCCESS\" > \"${SCRIPT_OUTPUT_FILE_0}\"\n";
			showEnvVarsInLog = 0;
		};
/* End PBXShellScriptBuildPhase section */

/* Begin PBXSourcesBuildPhase section */
		6F61F7AB2520B736002E9F3F /* Sources */ = {
			isa = PBXSourcesBuildPhase;
			buildActionMask = 2147483647;
			files = (
				6F61F8072520D441002E9F3F /* NetworkManager.swift in Sources */,
				6FBCBA1C25212C8A00D7C118 /* UIColor+Extensions.swift in Sources */,
				6F61F7F02520BE06002E9F3F /* Transition.swift in Sources */,
				6F61F7FC2520C75B002E9F3F /* BasePresenter.swift in Sources */,
				6F61F7F82520C67D002E9F3F /* BaseCoordinatorProtocol.swift in Sources */,
				6F61F81D252104B6002E9F3F /* BaseDataManager.swift in Sources */,
				6F61F7EC2520BDC3002E9F3F /* BaseBuilderProtocol.swift in Sources */,
				6F61F8042520CC81002E9F3F /* Config.swift in Sources */,
				6F61F8152520EB36002E9F3F /* DateFormatter+Extension.swift in Sources */,
				6FBCBA1A2521140400D7C118 /* NumberFormatter+Currency.swift in Sources */,
				6F61F81F25210507002E9F3F /* ServerManagerError.swift in Sources */,
				6FBCBA252521403100D7C118 /* AlertViewController.swift in Sources */,
				6F61F7F22520BED1002E9F3F /* BaseViewProtocol.swift in Sources */,
				6F61F7E42520BD64002E9F3F /* TransactionsBuilder.swift in Sources */,
				6F61F80C2520D59C002E9F3F /* TransactionTarget.swift in Sources */,
				6F61F7F42520BF8B002E9F3F /* BaseViewController.swift in Sources */,
				6F61F7B32520B736002E9F3F /* AppDelegate.swift in Sources */,
				6F61F7E62520BD86002E9F3F /* TransactionsUseCase.swift in Sources */,
				6F61F7DE2520BC38002E9F3F /* TransactionsViewController.swift in Sources */,
				6F61F80E2520D8A7002E9F3F /* Transaction.swift in Sources */,
				6F61F8112520D993002E9F3F /* BaseServerProtocol.swift in Sources */,
				6F61F8172520EC33002E9F3F /* Date+Extensions.swift in Sources */,
				6FBCBA292521404500D7C118 /* AlertCoordinator.swift in Sources */,
				6F61F7FA2520C6FB002E9F3F /* BaseCoordinator.swift in Sources */,
				6FBCBA2C2521445200D7C118 /* AlertRoute.swift in Sources */,
				6F61F7E82520BD95002E9F3F /* TransactionsCoordinator.swift in Sources */,
				6FBCBA1425210A0500D7C118 /* TransactionTableViewCell.swift in Sources */,
				6FBCBA1E25213FD300D7C118 /* AlertBuilder.swift in Sources */,
				6F61F7E22520BC4B002E9F3F /* TransactionsPresenter.swift in Sources */,
				6F61F8092520D55F002E9F3F /* TransactionsNetworkManager.swift in Sources */,
				6F61F7F62520C61F002E9F3F /* BasePresenterProtocol.swift in Sources */,
				6F61F81A2521044C002E9F3F /* TransactionsServer.swift in Sources */,
				6F61F7B52520B736002E9F3F /* SceneDelegate.swift in Sources */,
				6FBCBA2E2521449700D7C118 /* ModalTransition.swift in Sources */,
				6FBCBA232521401D00D7C118 /* AlertPresenter.swift in Sources */,
			);
			runOnlyForDeploymentPostprocessing = 0;
		};
		6F61F7C12520B738002E9F3F /* Sources */ = {
			isa = PBXSourcesBuildPhase;
			buildActionMask = 2147483647;
			files = (
				6F17671A252158BF0011CBE8 /* XCTestCaseExtensions.swift in Sources */,
				6F17671C25215AD90011CBE8 /* TransactionBuilderTests.swift in Sources */,
				6F17671E25215BDB0011CBE8 /* TransactionsPresenterTests.swift in Sources */,
				6F17672225215C4C0011CBE8 /* TransactionsCoordinatorMock.swift in Sources */,
				6F2C32392521D7BD00459C8F /* TransactionTests.swift in Sources */,
				6F1767182521586A0011CBE8 /* TransactionServerTests.swift in Sources */,
				6F17672025215C420011CBE8 /* TransactionsViewMock.swift in Sources */,
			);
			runOnlyForDeploymentPostprocessing = 0;
		};
/* End PBXSourcesBuildPhase section */

/* Begin PBXTargetDependency section */
		6F61F7C72520B738002E9F3F /* PBXTargetDependency */ = {
			isa = PBXTargetDependency;
			target = 6F61F7AE2520B736002E9F3F /* GLucenaTest */;
			targetProxy = 6F61F7C62520B738002E9F3F /* PBXContainerItemProxy */;
		};
/* End PBXTargetDependency section */

/* Begin PBXVariantGroup section */
		6F61F7BD2520B738002E9F3F /* LaunchScreen.storyboard */ = {
			isa = PBXVariantGroup;
			children = (
				6F61F7BE2520B738002E9F3F /* Base */,
			);
			name = LaunchScreen.storyboard;
			sourceTree = "<group>";
		};
/* End PBXVariantGroup section */

/* Begin XCBuildConfiguration section */
		6F61F7CC2520B738002E9F3F /* Debug */ = {
			isa = XCBuildConfiguration;
			buildSettings = {
				ALWAYS_SEARCH_USER_PATHS = NO;
				CLANG_ANALYZER_NONNULL = YES;
				CLANG_ANALYZER_NUMBER_OBJECT_CONVERSION = YES_AGGRESSIVE;
				CLANG_CXX_LANGUAGE_STANDARD = "gnu++14";
				CLANG_CXX_LIBRARY = "libc++";
				CLANG_ENABLE_MODULES = YES;
				CLANG_ENABLE_OBJC_ARC = YES;
				CLANG_ENABLE_OBJC_WEAK = YES;
				CLANG_WARN_BLOCK_CAPTURE_AUTORELEASING = YES;
				CLANG_WARN_BOOL_CONVERSION = YES;
				CLANG_WARN_COMMA = YES;
				CLANG_WARN_CONSTANT_CONVERSION = YES;
				CLANG_WARN_DEPRECATED_OBJC_IMPLEMENTATIONS = YES;
				CLANG_WARN_DIRECT_OBJC_ISA_USAGE = YES_ERROR;
				CLANG_WARN_DOCUMENTATION_COMMENTS = YES;
				CLANG_WARN_EMPTY_BODY = YES;
				CLANG_WARN_ENUM_CONVERSION = YES;
				CLANG_WARN_INFINITE_RECURSION = YES;
				CLANG_WARN_INT_CONVERSION = YES;
				CLANG_WARN_NON_LITERAL_NULL_CONVERSION = YES;
				CLANG_WARN_OBJC_IMPLICIT_RETAIN_SELF = YES;
				CLANG_WARN_OBJC_LITERAL_CONVERSION = YES;
				CLANG_WARN_OBJC_ROOT_CLASS = YES_ERROR;
				CLANG_WARN_RANGE_LOOP_ANALYSIS = YES;
				CLANG_WARN_STRICT_PROTOTYPES = YES;
				CLANG_WARN_SUSPICIOUS_MOVE = YES;
				CLANG_WARN_UNGUARDED_AVAILABILITY = YES_AGGRESSIVE;
				CLANG_WARN_UNREACHABLE_CODE = YES;
				CLANG_WARN__DUPLICATE_METHOD_MATCH = YES;
				COPY_PHASE_STRIP = NO;
				DEBUG_INFORMATION_FORMAT = dwarf;
				ENABLE_STRICT_OBJC_MSGSEND = YES;
				ENABLE_TESTABILITY = YES;
				GCC_C_LANGUAGE_STANDARD = gnu11;
				GCC_DYNAMIC_NO_PIC = NO;
				GCC_NO_COMMON_BLOCKS = YES;
				GCC_OPTIMIZATION_LEVEL = 0;
				GCC_PREPROCESSOR_DEFINITIONS = (
					"DEBUG=1",
					"$(inherited)",
				);
				GCC_WARN_64_TO_32_BIT_CONVERSION = YES;
				GCC_WARN_ABOUT_RETURN_TYPE = YES_ERROR;
				GCC_WARN_UNDECLARED_SELECTOR = YES;
				GCC_WARN_UNINITIALIZED_AUTOS = YES_AGGRESSIVE;
				GCC_WARN_UNUSED_FUNCTION = YES;
				GCC_WARN_UNUSED_VARIABLE = YES;
				IPHONEOS_DEPLOYMENT_TARGET = 13.5;
				MTL_ENABLE_DEBUG_INFO = INCLUDE_SOURCE;
				MTL_FAST_MATH = YES;
				ONLY_ACTIVE_ARCH = YES;
				SDKROOT = iphoneos;
				SWIFT_ACTIVE_COMPILATION_CONDITIONS = DEBUG;
				SWIFT_OPTIMIZATION_LEVEL = "-Onone";
			};
			name = Debug;
		};
		6F61F7CD2520B738002E9F3F /* Release */ = {
			isa = XCBuildConfiguration;
			buildSettings = {
				ALWAYS_SEARCH_USER_PATHS = NO;
				CLANG_ANALYZER_NONNULL = YES;
				CLANG_ANALYZER_NUMBER_OBJECT_CONVERSION = YES_AGGRESSIVE;
				CLANG_CXX_LANGUAGE_STANDARD = "gnu++14";
				CLANG_CXX_LIBRARY = "libc++";
				CLANG_ENABLE_MODULES = YES;
				CLANG_ENABLE_OBJC_ARC = YES;
				CLANG_ENABLE_OBJC_WEAK = YES;
				CLANG_WARN_BLOCK_CAPTURE_AUTORELEASING = YES;
				CLANG_WARN_BOOL_CONVERSION = YES;
				CLANG_WARN_COMMA = YES;
				CLANG_WARN_CONSTANT_CONVERSION = YES;
				CLANG_WARN_DEPRECATED_OBJC_IMPLEMENTATIONS = YES;
				CLANG_WARN_DIRECT_OBJC_ISA_USAGE = YES_ERROR;
				CLANG_WARN_DOCUMENTATION_COMMENTS = YES;
				CLANG_WARN_EMPTY_BODY = YES;
				CLANG_WARN_ENUM_CONVERSION = YES;
				CLANG_WARN_INFINITE_RECURSION = YES;
				CLANG_WARN_INT_CONVERSION = YES;
				CLANG_WARN_NON_LITERAL_NULL_CONVERSION = YES;
				CLANG_WARN_OBJC_IMPLICIT_RETAIN_SELF = YES;
				CLANG_WARN_OBJC_LITERAL_CONVERSION = YES;
				CLANG_WARN_OBJC_ROOT_CLASS = YES_ERROR;
				CLANG_WARN_RANGE_LOOP_ANALYSIS = YES;
				CLANG_WARN_STRICT_PROTOTYPES = YES;
				CLANG_WARN_SUSPICIOUS_MOVE = YES;
				CLANG_WARN_UNGUARDED_AVAILABILITY = YES_AGGRESSIVE;
				CLANG_WARN_UNREACHABLE_CODE = YES;
				CLANG_WARN__DUPLICATE_METHOD_MATCH = YES;
				COPY_PHASE_STRIP = NO;
				DEBUG_INFORMATION_FORMAT = "dwarf-with-dsym";
				ENABLE_NS_ASSERTIONS = NO;
				ENABLE_STRICT_OBJC_MSGSEND = YES;
				GCC_C_LANGUAGE_STANDARD = gnu11;
				GCC_NO_COMMON_BLOCKS = YES;
				GCC_WARN_64_TO_32_BIT_CONVERSION = YES;
				GCC_WARN_ABOUT_RETURN_TYPE = YES_ERROR;
				GCC_WARN_UNDECLARED_SELECTOR = YES;
				GCC_WARN_UNINITIALIZED_AUTOS = YES_AGGRESSIVE;
				GCC_WARN_UNUSED_FUNCTION = YES;
				GCC_WARN_UNUSED_VARIABLE = YES;
				IPHONEOS_DEPLOYMENT_TARGET = 13.5;
				MTL_ENABLE_DEBUG_INFO = NO;
				MTL_FAST_MATH = YES;
				SDKROOT = iphoneos;
				SWIFT_COMPILATION_MODE = wholemodule;
				SWIFT_OPTIMIZATION_LEVEL = "-O";
				VALIDATE_PRODUCT = YES;
			};
			name = Release;
		};
		6F61F7CF2520B738002E9F3F /* Debug */ = {
			isa = XCBuildConfiguration;
			baseConfigurationReference = 35F51F9D07D365063AD99A7C /* Pods-GLucenaTest.debug.xcconfig */;
			buildSettings = {
				API_BASE_URL = "https:/$()/code-challenge-e9f47.web.app";
				ASSETCATALOG_COMPILER_APPICON_NAME = AppIcon;
				CODE_SIGN_STYLE = Automatic;
				INFOPLIST_FILE = GLucenaTest/Info.plist;
				LD_RUNPATH_SEARCH_PATHS = (
					"$(inherited)",
					"@executable_path/Frameworks",
				);
				PRODUCT_BUNDLE_IDENTIFIER = com.test.GLucenaTest;
				PRODUCT_NAME = "$(TARGET_NAME)";
				SWIFT_VERSION = 5.0;
				TARGETED_DEVICE_FAMILY = "1,2";
			};
			name = Debug;
		};
		6F61F7D02520B738002E9F3F /* Release */ = {
			isa = XCBuildConfiguration;
			baseConfigurationReference = A4341C9953DE2E9FD258C0A4 /* Pods-GLucenaTest.release.xcconfig */;
			buildSettings = {
				API_BASE_URL = "https:/$()/code-challenge-e9f47.web.app";
				ASSETCATALOG_COMPILER_APPICON_NAME = AppIcon;
				CODE_SIGN_STYLE = Automatic;
				INFOPLIST_FILE = GLucenaTest/Info.plist;
				LD_RUNPATH_SEARCH_PATHS = (
					"$(inherited)",
					"@executable_path/Frameworks",
				);
				PRODUCT_BUNDLE_IDENTIFIER = com.test.GLucenaTest;
				PRODUCT_NAME = "$(TARGET_NAME)";
				SWIFT_VERSION = 5.0;
				TARGETED_DEVICE_FAMILY = "1,2";
			};
			name = Release;
		};
		6F61F7D22520B738002E9F3F /* Debug */ = {
			isa = XCBuildConfiguration;
			baseConfigurationReference = 21B5C474DBBD8831F374402F /* Pods-GLucenaTestTests.debug.xcconfig */;
			buildSettings = {
				ALWAYS_EMBED_SWIFT_STANDARD_LIBRARIES = YES;
				BUNDLE_LOADER = "$(TEST_HOST)";
				CLANG_ENABLE_MODULES = YES;
				CODE_SIGN_STYLE = Automatic;
				INFOPLIST_FILE = GLucenaTestTests/Info.plist;
				IPHONEOS_DEPLOYMENT_TARGET = 13.5;
				LD_RUNPATH_SEARCH_PATHS = (
					"$(inherited)",
					"@executable_path/Frameworks",
					"@loader_path/Frameworks",
				);
				PRODUCT_BUNDLE_IDENTIFIER = com.test.GLucenaTestTests;
				PRODUCT_NAME = "$(TARGET_NAME)";
				SWIFT_OPTIMIZATION_LEVEL = "-Onone";
				SWIFT_VERSION = 5.0;
				TARGETED_DEVICE_FAMILY = "1,2";
				TEST_HOST = "$(BUILT_PRODUCTS_DIR)/GLucenaTest.app/GLucenaTest";
			};
			name = Debug;
		};
		6F61F7D32520B738002E9F3F /* Release */ = {
			isa = XCBuildConfiguration;
			baseConfigurationReference = 74A220C1527D06433C7EB523 /* Pods-GLucenaTestTests.release.xcconfig */;
			buildSettings = {
				ALWAYS_EMBED_SWIFT_STANDARD_LIBRARIES = YES;
				BUNDLE_LOADER = "$(TEST_HOST)";
				CLANG_ENABLE_MODULES = YES;
				CODE_SIGN_STYLE = Automatic;
				INFOPLIST_FILE = GLucenaTestTests/Info.plist;
				IPHONEOS_DEPLOYMENT_TARGET = 13.5;
				LD_RUNPATH_SEARCH_PATHS = (
					"$(inherited)",
					"@executable_path/Frameworks",
					"@loader_path/Frameworks",
				);
				PRODUCT_BUNDLE_IDENTIFIER = com.test.GLucenaTestTests;
				PRODUCT_NAME = "$(TARGET_NAME)";
				SWIFT_VERSION = 5.0;
				TARGETED_DEVICE_FAMILY = "1,2";
				TEST_HOST = "$(BUILT_PRODUCTS_DIR)/GLucenaTest.app/GLucenaTest";
			};
			name = Release;
		};
/* End XCBuildConfiguration section */

/* Begin XCConfigurationList section */
		6F61F7AA2520B736002E9F3F /* Build configuration list for PBXProject "GLucenaTest" */ = {
			isa = XCConfigurationList;
			buildConfigurations = (
				6F61F7CC2520B738002E9F3F /* Debug */,
				6F61F7CD2520B738002E9F3F /* Release */,
			);
			defaultConfigurationIsVisible = 0;
			defaultConfigurationName = Release;
		};
		6F61F7CE2520B738002E9F3F /* Build configuration list for PBXNativeTarget "GLucenaTest" */ = {
			isa = XCConfigurationList;
			buildConfigurations = (
				6F61F7CF2520B738002E9F3F /* Debug */,
				6F61F7D02520B738002E9F3F /* Release */,
			);
			defaultConfigurationIsVisible = 0;
			defaultConfigurationName = Release;
		};
		6F61F7D12520B738002E9F3F /* Build configuration list for PBXNativeTarget "GLucenaTestTests" */ = {
			isa = XCConfigurationList;
			buildConfigurations = (
				6F61F7D22520B738002E9F3F /* Debug */,
				6F61F7D32520B738002E9F3F /* Release */,
			);
			defaultConfigurationIsVisible = 0;
			defaultConfigurationName = Release;
		};
/* End XCConfigurationList section */
	};
	rootObject = 6F61F7A72520B736002E9F3F /* Project object */;
}
